
Microsoft Visual Studio Solution File, Format Version 12.00
# Visual Studio Version 16
VisualStudioVersion = 16.0.32407.337
MinimumVisualStudioVersion = 10.0.40219.1
Project("{FAE04EC0-301F-11D3-BF4B-00C04F79EFBC}") = "EmployeeAlert", "EmployeeAlert.csproj", "{C3BB7235-343A-4FFD-9049-D8D18232EDD7}"
EndProject
Project("{54435603-DBB4-11D2-8724-00A0C9A8B90C}") = "EmployeeAlertInstaller", "..\EmployeeAlertInstaller\EmployeeAlertInstaller.vdproj", "{CD5F8D3B-E4FD-404D-B0CC-26FAE9F403B4}"
EndProject
Global
	GlobalSection(SolutionConfigurationPlatforms) = preSolution
		Debug|Any CPU = Debug|Any CPU
		Release|Any CPU = Release|Any CPU
	EndGlobalSection
	GlobalSection(ProjectConfigurationPlatforms) = postSolution
		{C3BB7235-343A-4FFD-9049-D8D18232EDD7}.Debug|Any CPU.ActiveCfg = Debug|Any CPU
		{C3BB7235-343A-4FFD-9049-D8D18232EDD7}.Debug|Any CPU.Build.0 = Debug|Any CPU
		{C3BB7235-343A-4FFD-9049-D8D18232EDD7}.Release|Any CPU.ActiveCfg = Release|Any CPU
		{C3BB7235-343A-4FFD-9049-D8D18232EDD7}.Release|Any CPU.Build.0 = Release|Any CPU
		{CD5F8D3B-E4FD-404D-B0CC-26FAE9F403B4}.Debug|Any CPU.ActiveCfg = Debug
		{CD5F8D3B-E4FD-404D-B0CC-26FAE9F403B4}.Debug|Any CPU.Build.0 = Debug
		{CD5F8D3B-E4FD-404D-B0CC-26FAE9F403B4}.Release|Any CPU.ActiveCfg = Release
	EndGlobalSection
	GlobalSection(SolutionProperties) = preSolution
		HideSolutionNode = FALSE
	EndGlobalSection
	GlobalSection(ExtensibilityGlobals) = postSolution
		SolutionGuid = {C538F90C-A608-4B5B-96FD-7634F36080F2}
	EndGlobalSection
EndGlobal
